
Microsoft Visual Studio Solution File, Format Version 12.00
# Visual Studio 2013
VisualStudioVersion = 12.0.30110.0
MinimumVisualStudioVersion = 10.0.40219.1
Project("{2150E333-8FDC-42A3-9474-1A3956D46DE8}") = "OnTimeGC API", "OnTimeGC API", "{3C2806A6-902B-40EA-ABBE-4184781FBD8B}"
EndProject
Project("{FAE04EC0-301F-11D3-BF4B-00C04F79EFBC}") = "OnTimeGC API", "OnTimeGC API\OnTimeGC API.csproj", "{645A7C1C-115E-4B88-94AD-FEFE5F7326D2}"
EndProject
Project("{2150E333-8FDC-42A3-9474-1A3956D46DE8}") = "Test Client (GUI)", "Test Client (GUI)", "{BF5E5F44-C159-44AA-8B01-98E4CD7DF422}"
EndProject
Project("{FAE04EC0-301F-11D3-BF4B-00C04F79EFBC}") = "Test Client", "Test Client\Test Client.csproj", "{1A4D45C5-3091-4ED8-867E-DCD629251A05}"
EndProject
Global
	GlobalSection(SolutionConfigurationPlatforms) = preSolution
		Debug|Any CPU = Debug|Any CPU
		Debug|Mixed Platforms = Debug|Mixed Platforms
		Debug|x86 = Debug|x86
		Release|Any CPU = Release|Any CPU
		Release|Mixed Platforms = Release|Mixed Platforms
		Release|x86 = Release|x86
	EndGlobalSection
	GlobalSection(ProjectConfigurationPlatforms) = postSolution
		{645A7C1C-115E-4B88-94AD-FEFE5F7326D2}.Debug|Any CPU.ActiveCfg = Debug|Any CPU
		{645A7C1C-115E-4B88-94AD-FEFE5F7326D2}.Debug|Any CPU.Build.0 = Debug|Any CPU
		{645A7C1C-115E-4B88-94AD-FEFE5F7326D2}.Debug|Mixed Platforms.ActiveCfg = Debug|Any CPU
		{645A7C1C-115E-4B88-94AD-FEFE5F7326D2}.Debug|Mixed Platforms.Build.0 = Debug|Any CPU
		{645A7C1C-115E-4B88-94AD-FEFE5F7326D2}.Debug|x86.ActiveCfg = Debug|Any CPU
		{645A7C1C-115E-4B88-94AD-FEFE5F7326D2}.Release|Any CPU.ActiveCfg = Release|Any CPU
		{645A7C1C-115E-4B88-94AD-FEFE5F7326D2}.Release|Any CPU.Build.0 = Release|Any CPU
		{645A7C1C-115E-4B88-94AD-FEFE5F7326D2}.Release|Mixed Platforms.ActiveCfg = Release|Any CPU
		{645A7C1C-115E-4B88-94AD-FEFE5F7326D2}.Release|Mixed Platforms.Build.0 = Release|Any CPU
		{645A7C1C-115E-4B88-94AD-FEFE5F7326D2}.Release|x86.ActiveCfg = Release|Any CPU
		{1A4D45C5-3091-4ED8-867E-DCD629251A05}.Debug|Any CPU.ActiveCfg = Debug|x86
		{1A4D45C5-3091-4ED8-867E-DCD629251A05}.Debug|Mixed Platforms.ActiveCfg = Debug|x86
		{1A4D45C5-3091-4ED8-867E-DCD629251A05}.Debug|Mixed Platforms.Build.0 = Debug|x86
		{1A4D45C5-3091-4ED8-867E-DCD629251A05}.Debug|x86.ActiveCfg = Debug|x86
		{1A4D45C5-3091-4ED8-867E-DCD629251A05}.Debug|x86.Build.0 = Debug|x86
		{1A4D45C5-3091-4ED8-867E-DCD629251A05}.Release|Any CPU.ActiveCfg = Release|x86
		{1A4D45C5-3091-4ED8-867E-DCD629251A05}.Release|Mixed Platforms.ActiveCfg = Release|x86
		{1A4D45C5-3091-4ED8-867E-DCD629251A05}.Release|Mixed Platforms.Build.0 = Release|x86
		{1A4D45C5-3091-4ED8-867E-DCD629251A05}.Release|x86.ActiveCfg = Release|x86
		{1A4D45C5-3091-4ED8-867E-DCD629251A05}.Release|x86.Build.0 = Release|x86
	EndGlobalSection
	GlobalSection(SolutionProperties) = preSolution
		HideSolutionNode = FALSE
	EndGlobalSection
	GlobalSection(NestedProjects) = preSolution
		{645A7C1C-115E-4B88-94AD-FEFE5F7326D2} = {3C2806A6-902B-40EA-ABBE-4184781FBD8B}
		{1A4D45C5-3091-4ED8-867E-DCD629251A05} = {BF5E5F44-C159-44AA-8B01-98E4CD7DF422}
	EndGlobalSection
EndGlobal
